
Microsoft Visual Studio Solution File, Format Version 12.00
# Visual Studio 15
VisualStudioVersion = 15.0.27428.2005
MinimumVisualStudioVersion = 10.0.40219.1
Project("{FAE04EC0-301F-11D3-BF4B-00C04F79EFBC}") = "WindowsFormsApp1", "WindowsFormsApp1\WindowsFormsApp1.csproj", "{9D36D7C4-094F-4F0C-AE1B-8311F37623DC}"
EndProject
Project("{FAE04EC0-301F-11D3-BF4B-00C04F79EFBC}") = "WindowsFormsApp2", "WindowsFormsApp2\WindowsFormsApp2.csproj", "{331029FA-1BE0-4B39-A97A-58F7C265EB6B}"
EndProject
Project("{FAE04EC0-301F-11D3-BF4B-00C04F79EFBC}") = "WindowsFormsApp3", "WindowsFormsApp3\WindowsFormsApp3.csproj", "{172B6927-ACE4-4EA1-9C0C-1EE4DADECF24}"
EndProject
Global
	GlobalSection(SolutionConfigurationPlatforms) = preSolution
		Debug|Any CPU = Debug|Any CPU
		Release|Any CPU = Release|Any CPU
	EndGlobalSection
	GlobalSection(ProjectConfigurationPlatforms) = postSolution
		{9D36D7C4-094F-4F0C-AE1B-8311F37623DC}.Debug|Any CPU.ActiveCfg = Debug|Any CPU
		{9D36D7C4-094F-4F0C-AE1B-8311F37623DC}.Debug|Any CPU.Build.0 = Debug|Any CPU
		{9D36D7C4-094F-4F0C-AE1B-8311F37623DC}.Release|Any CPU.ActiveCfg = Release|Any CPU
		{9D36D7C4-094F-4F0C-AE1B-8311F37623DC}.Release|Any CPU.Build.0 = Release|Any CPU
		{331029FA-1BE0-4B39-A97A-58F7C265EB6B}.Debug|Any CPU.ActiveCfg = Debug|Any CPU
		{331029FA-1BE0-4B39-A97A-58F7C265EB6B}.Debug|Any CPU.Build.0 = Debug|Any CPU
		{331029FA-1BE0-4B39-A97A-58F7C265EB6B}.Release|Any CPU.ActiveCfg = Release|Any CPU
		{331029FA-1BE0-4B39-A97A-58F7C265EB6B}.Release|Any CPU.Build.0 = Release|Any CPU
		{172B6927-ACE4-4EA1-9C0C-1EE4DADECF24}.Debug|Any CPU.ActiveCfg = Debug|Any CPU
		{172B6927-ACE4-4EA1-9C0C-1EE4DADECF24}.Debug|Any CPU.Build.0 = Debug|Any CPU
		{172B6927-ACE4-4EA1-9C0C-1EE4DADECF24}.Release|Any CPU.ActiveCfg = Release|Any CPU
		{172B6927-ACE4-4EA1-9C0C-1EE4DADECF24}.Release|Any CPU.Build.0 = Release|Any CPU
	EndGlobalSection
	GlobalSection(SolutionProperties) = preSolution
		HideSolutionNode = FALSE
	EndGlobalSection
	GlobalSection(ExtensibilityGlobals) = postSolution
		SolutionGuid = {67A7CB36-4497-4133-9E29-1612E3410221}
	EndGlobalSection
EndGlobal
